// !$*UTF8*$!
{
	archiveVersion = 1;
	classes = {
	};
	objectVersion = 55;
	objects = {

/* Begin PBXBuildFile section */
		371807A2A3093DDC7F24907E /* Pods_SuperHeroes.framework in Frameworks */ = {isa = PBXBuildFile; fileRef = 4758477346A35E180BA3C0F0 /* Pods_SuperHeroes.framework */; };
		453B0DAA27948816004B99A8 /* AppDelegate.swift in Sources */ = {isa = PBXBuildFile; fileRef = 453B0DA927948816004B99A8 /* AppDelegate.swift */; };
		453B0DAC27948816004B99A8 /* SceneDelegate.swift in Sources */ = {isa = PBXBuildFile; fileRef = 453B0DAB27948816004B99A8 /* SceneDelegate.swift */; };
		453B0DAE27948816004B99A8 /* ViewController.swift in Sources */ = {isa = PBXBuildFile; fileRef = 453B0DAD27948816004B99A8 /* ViewController.swift */; };
		453B0DB127948816004B99A8 /* Main.storyboard in Resources */ = {isa = PBXBuildFile; fileRef = 453B0DAF27948816004B99A8 /* Main.storyboard */; };
		453B0DB327948817004B99A8 /* Assets.xcassets in Resources */ = {isa = PBXBuildFile; fileRef = 453B0DB227948817004B99A8 /* Assets.xcassets */; };
		453B0DB627948817004B99A8 /* LaunchScreen.storyboard in Resources */ = {isa = PBXBuildFile; fileRef = 453B0DB427948817004B99A8 /* LaunchScreen.storyboard */; };
		453B0DC42794890A004B99A8 /* MarvelNetwork.swift in Sources */ = {isa = PBXBuildFile; fileRef = 453B0DC12794890A004B99A8 /* MarvelNetwork.swift */; };
		453B0DC52794890A004B99A8 /* MarvelAPIService.swift in Sources */ = {isa = PBXBuildFile; fileRef = 453B0DC22794890A004B99A8 /* MarvelAPIService.swift */; };
		4595AB8927948C0C002B99A0 /* CharacterModel.swift in Sources */ = {isa = PBXBuildFile; fileRef = 4595AB8827948C0C002B99A0 /* CharacterModel.swift */; };
		4595AB932794AADC002B99A0 /* DetailModel.swift in Sources */ = {isa = PBXBuildFile; fileRef = 4595AB922794AADC002B99A0 /* DetailModel.swift */; };
		4595AB9827955024002B99A0 /* ComicsCell.swift in Sources */ = {isa = PBXBuildFile; fileRef = 4595AB9627955024002B99A0 /* ComicsCell.swift */; };
		4595AB9927955024002B99A0 /* ComicsCell.xib in Resources */ = {isa = PBXBuildFile; fileRef = 4595AB9727955024002B99A0 /* ComicsCell.xib */; };
		4595AB9B279554AC002B99A0 /* CharacterDetailsVC.swift in Sources */ = {isa = PBXBuildFile; fileRef = 4595AB9A279554AC002B99A0 /* CharacterDetailsVC.swift */; };
		45FF5BD22795772000758B4B /* MarvelDefine.swift in Sources */ = {isa = PBXBuildFile; fileRef = 45FF5BD12795772000758B4B /* MarvelDefine.swift */; };
		45FF5BD92795944F00758B4B /* CharactersCell.swift in Sources */ = {isa = PBXBuildFile; fileRef = 45FF5BD72795944F00758B4B /* CharactersCell.swift */; };
		45FF5BDA2795944F00758B4B /* CharactersCell.xib in Resources */ = {isa = PBXBuildFile; fileRef = 45FF5BD82795944F00758B4B /* CharactersCell.xib */; };
/* End PBXBuildFile section */

/* Begin PBXFileReference section */
		22DEFAB99D8D8A570AF918DD /* Pods-SuperHeroes.release.xcconfig */ = {isa = PBXFileReference; includeInIndex = 1; lastKnownFileType = text.xcconfig; name = "Pods-SuperHeroes.release.xcconfig"; path = "Target Support Files/Pods-SuperHeroes/Pods-SuperHeroes.release.xcconfig"; sourceTree = "<group>"; };
		453B0DA627948816004B99A8 /* SuperHeroes.app */ = {isa = PBXFileReference; explicitFileType = wrapper.application; includeInIndex = 0; path = SuperHeroes.app; sourceTree = BUILT_PRODUCTS_DIR; };
		453B0DA927948816004B99A8 /* AppDelegate.swift */ = {isa = PBXFileReference; lastKnownFileType = sourcecode.swift; path = AppDelegate.swift; sourceTree = "<group>"; };
		453B0DAB27948816004B99A8 /* SceneDelegate.swift */ = {isa = PBXFileReference; lastKnownFileType = sourcecode.swift; path = SceneDelegate.swift; sourceTree = "<group>"; };
		453B0DAD27948816004B99A8 /* ViewController.swift */ = {isa = PBXFileReference; lastKnownFileType = sourcecode.swift; path = ViewController.swift; sourceTree = "<group>"; };
		453B0DB027948816004B99A8 /* Base */ = {isa = PBXFileReference; lastKnownFileType = file.storyboard; name = Base; path = Base.lproj/Main.storyboard; sourceTree = "<group>"; };
		453B0DB227948817004B99A8 /* Assets.xcassets */ = {isa = PBXFileReference; lastKnownFileType = folder.assetcatalog; path = Assets.xcassets; sourceTree = "<group>"; };
		453B0DB527948817004B99A8 /* Base */ = {isa = PBXFileReference; lastKnownFileType = file.storyboard; name = Base; path = Base.lproj/LaunchScreen.storyboard; sourceTree = "<group>"; };
		453B0DB727948817004B99A8 /* Info.plist */ = {isa = PBXFileReference; lastKnownFileType = text.plist.xml; path = Info.plist; sourceTree = "<group>"; };
		453B0DC12794890A004B99A8 /* MarvelNetwork.swift */ = {isa = PBXFileReference; fileEncoding = 4; lastKnownFileType = sourcecode.swift; path = MarvelNetwork.swift; sourceTree = "<group>"; };
		453B0DC22794890A004B99A8 /* MarvelAPIService.swift */ = {isa = PBXFileReference; fileEncoding = 4; lastKnownFileType = sourcecode.swift; path = MarvelAPIService.swift; sourceTree = "<group>"; };
		4595AB8827948C0C002B99A0 /* CharacterModel.swift */ = {isa = PBXFileReference; lastKnownFileType = sourcecode.swift; path = CharacterModel.swift; sourceTree = "<group>"; };
		4595AB922794AADC002B99A0 /* DetailModel.swift */ = {isa = PBXFileReference; lastKnownFileType = sourcecode.swift; path = DetailModel.swift; sourceTree = "<group>"; };
		4595AB9627955024002B99A0 /* ComicsCell.swift */ = {isa = PBXFileReference; lastKnownFileType = sourcecode.swift; path = ComicsCell.swift; sourceTree = "<group>"; };
		4595AB9727955024002B99A0 /* ComicsCell.xib */ = {isa = PBXFileReference; lastKnownFileType = file.xib; path = ComicsCell.xib; sourceTree = "<group>"; };
		4595AB9A279554AC002B99A0 /* CharacterDetailsVC.swift */ = {isa = PBXFileReference; lastKnownFileType = sourcecode.swift; path = CharacterDetailsVC.swift; sourceTree = "<group>"; };
		45FF5BD12795772000758B4B /* MarvelDefine.swift */ = {isa = PBXFileReference; fileEncoding = 4; lastKnownFileType = sourcecode.swift; path = MarvelDefine.swift; sourceTree = "<group>"; };
		45FF5BD72795944F00758B4B /* CharactersCell.swift */ = {isa = PBXFileReference; lastKnownFileType = sourcecode.swift; path = CharactersCell.swift; sourceTree = "<group>"; };
		45FF5BD82795944F00758B4B /* CharactersCell.xib */ = {isa = PBXFileReference; lastKnownFileType = file.xib; path = CharactersCell.xib; sourceTree = "<group>"; };
		4758477346A35E180BA3C0F0 /* Pods_SuperHeroes.framework */ = {isa = PBXFileReference; explicitFileType = wrapper.framework; includeInIndex = 0; path = Pods_SuperHeroes.framework; sourceTree = BUILT_PRODUCTS_DIR; };
		C8C6387CC0E3DD13AF613329 /* Pods-SuperHeroes.debug.xcconfig */ = {isa = PBXFileReference; includeInIndex = 1; lastKnownFileType = text.xcconfig; name = "Pods-SuperHeroes.debug.xcconfig"; path = "Target Support Files/Pods-SuperHeroes/Pods-SuperHeroes.debug.xcconfig"; sourceTree = "<group>"; };
/* End PBXFileReference section */

/* Begin PBXFrameworksBuildPhase section */
		453B0DA327948816004B99A8 /* Frameworks */ = {
			isa = PBXFrameworksBuildPhase;
			buildActionMask = 2147483647;
			files = (
				371807A2A3093DDC7F24907E /* Pods_SuperHeroes.framework in Frameworks */,
			);
			runOnlyForDeploymentPostprocessing = 0;
		};
/* End PBXFrameworksBuildPhase section */

/* Begin PBXGroup section */
		453B0D9D27948816004B99A8 = {
			isa = PBXGroup;
			children = (
				453B0DA827948816004B99A8 /* SuperHeroes */,
				453B0DA727948816004B99A8 /* Products */,
				52C189485095680B1A8C0AE3 /* Pods */,
				9778B7E03DF98E022B8ADF86 /* Frameworks */,
			);
			sourceTree = "<group>";
		};
		453B0DA727948816004B99A8 /* Products */ = {
			isa = PBXGroup;
			children = (
				453B0DA627948816004B99A8 /* SuperHeroes.app */,
			);
			name = Products;
			sourceTree = "<group>";
		};
		453B0DA827948816004B99A8 /* SuperHeroes */ = {
			isa = PBXGroup;
			children = (
				453B0DC02794884D004B99A8 /* View */,
				453B0DBF2794883E004B99A8 /* Controller */,
				453B0DBE27948836004B99A8 /* Model */,
				453B0DBD27948820004B99A8 /* Service */,
				453B0DA927948816004B99A8 /* AppDelegate.swift */,
				453B0DAB27948816004B99A8 /* SceneDelegate.swift */,
				453B0DB227948817004B99A8 /* Assets.xcassets */,
				453B0DB727948817004B99A8 /* Info.plist */,
			);
			path = SuperHeroes;
			sourceTree = "<group>";
		};
		453B0DBD27948820004B99A8 /* Service */ = {
			isa = PBXGroup;
			children = (
				453B0DC22794890A004B99A8 /* MarvelAPIService.swift */,
				453B0DC12794890A004B99A8 /* MarvelNetwork.swift */,
				45FF5BD12795772000758B4B /* MarvelDefine.swift */,
			);
			path = Service;
			sourceTree = "<group>";
		};
		453B0DBE27948836004B99A8 /* Model */ = {
			isa = PBXGroup;
			children = (
				4595AB8827948C0C002B99A0 /* CharacterModel.swift */,
				4595AB922794AADC002B99A0 /* DetailModel.swift */,
			);
			path = Model;
			sourceTree = "<group>";
		};
		453B0DBF2794883E004B99A8 /* Controller */ = {
			isa = PBXGroup;
			children = (
				453B0DAD27948816004B99A8 /* ViewController.swift */,
				4595AB9A279554AC002B99A0 /* CharacterDetailsVC.swift */,
			);
			path = Controller;
			sourceTree = "<group>";
		};
		453B0DC02794884D004B99A8 /* View */ = {
			isa = PBXGroup;
			children = (
				4595AB8B27949085002B99A0 /* CustomCell */,
				4595AB8A2794907A002B99A0 /* Storyboard */,
			);
			path = View;
			sourceTree = "<group>";
		};
		4595AB8A2794907A002B99A0 /* Storyboard */ = {
			isa = PBXGroup;
			children = (
				453B0DAF27948816004B99A8 /* Main.storyboard */,
				453B0DB427948817004B99A8 /* LaunchScreen.storyboard */,
			);
			path = Storyboard;
			sourceTree = "<group>";
		};
		4595AB8B27949085002B99A0 /* CustomCell */ = {
			isa = PBXGroup;
			children = (
				4595AB9627955024002B99A0 /* ComicsCell.swift */,
				4595AB9727955024002B99A0 /* ComicsCell.xib */,
				45FF5BD72795944F00758B4B /* CharactersCell.swift */,
				45FF5BD82795944F00758B4B /* CharactersCell.xib */,
			);
			path = CustomCell;
			sourceTree = "<group>";
		};
		52C189485095680B1A8C0AE3 /* Pods */ = {
			isa = PBXGroup;
			children = (
				C8C6387CC0E3DD13AF613329 /* Pods-SuperHeroes.debug.xcconfig */,
				22DEFAB99D8D8A570AF918DD /* Pods-SuperHeroes.release.xcconfig */,
			);
			path = Pods;
			sourceTree = "<group>";
		};
		9778B7E03DF98E022B8ADF86 /* Frameworks */ = {
			isa = PBXGroup;
			children = (
				4758477346A35E180BA3C0F0 /* Pods_SuperHeroes.framework */,
			);
			name = Frameworks;
			sourceTree = "<group>";
		};
/* End PBXGroup section */

/* Begin PBXNativeTarget section */
		453B0DA527948816004B99A8 /* SuperHeroes */ = {
			isa = PBXNativeTarget;
			buildConfigurationList = 453B0DBA27948817004B99A8 /* Build configuration list for PBXNativeTarget "SuperHeroes" */;
			buildPhases = (
				736BFB5B37B686C89A9FFAB6 /* [CP] Check Pods Manifest.lock */,
				453B0DA227948816004B99A8 /* Sources */,
				453B0DA327948816004B99A8 /* Frameworks */,
				453B0DA427948816004B99A8 /* Resources */,
				CB614527D4584A3C55DC819D /* [CP] Embed Pods Frameworks */,
			);
			buildRules = (
			);
			dependencies = (
			);
			name = SuperHeroes;
			productName = SuperHeroes;
			productReference = 453B0DA627948816004B99A8 /* SuperHeroes.app */;
			productType = "com.apple.product-type.application";
		};
/* End PBXNativeTarget section */

/* Begin PBXProject section */
		453B0D9E27948816004B99A8 /* Project object */ = {
			isa = PBXProject;
			attributes = {
				BuildIndependentTargetsInParallel = 1;
				LastSwiftUpdateCheck = 1320;
				LastUpgradeCheck = 1320;
				TargetAttributes = {
					453B0DA527948816004B99A8 = {
						CreatedOnToolsVersion = 13.2.1;
					};
				};
			};
			buildConfigurationList = 453B0DA127948816004B99A8 /* Build configuration list for PBXProject "SuperHeroes" */;
			compatibilityVersion = "Xcode 13.0";
			developmentRegion = en;
			hasScannedForEncodings = 0;
			knownRegions = (
				en,
				Base,
			);
			mainGroup = 453B0D9D27948816004B99A8;
			productRefGroup = 453B0DA727948816004B99A8 /* Products */;
			projectDirPath = "";
			projectRoot = "";
			targets = (
				453B0DA527948816004B99A8 /* SuperHeroes */,
			);
		};
/* End PBXProject section */

/* Begin PBXResourcesBuildPhase section */
		453B0DA427948816004B99A8 /* Resources */ = {
			isa = PBXResourcesBuildPhase;
			buildActionMask = 2147483647;
			files = (
				453B0DB627948817004B99A8 /* LaunchScreen.storyboard in Resources */,
				4595AB9927955024002B99A0 /* ComicsCell.xib in Resources */,
				453B0DB327948817004B99A8 /* Assets.xcassets in Resources */,
				453B0DB127948816004B99A8 /* Main.storyboard in Resources */,
				45FF5BDA2795944F00758B4B /* CharactersCell.xib in Resources */,
			);
			runOnlyForDeploymentPostprocessing = 0;
		};
/* End PBXResourcesBuildPhase section */

/* Begin PBXShellScriptBuildPhase section */
		736BFB5B37B686C89A9FFAB6 /* [CP] Check Pods Manifest.lock */ = {
			isa = PBXShellScriptBuildPhase;
			buildActionMask = 2147483647;
			files = (
			);
			inputFileListPaths = (
			);
			inputPaths = (
				"${PODS_PODFILE_DIR_PATH}/Podfile.lock",
				"${PODS_ROOT}/Manifest.lock",
			);
			name = "[CP] Check Pods Manifest.lock";
			outputFileListPaths = (
			);
			outputPaths = (
				"$(DERIVED_FILE_DIR)/Pods-SuperHeroes-checkManifestLockResult.txt",
			);
			runOnlyForDeploymentPostprocessing = 0;
			shellPath = /bin/sh;
			shellScript = "diff \"${PODS_PODFILE_DIR_PATH}/Podfile.lock\" \"${PODS_ROOT}/Manifest.lock\" > /dev/null\nif [ $? != 0 ] ; then\n    # print error to STDERR\n    echo \"error: The sandbox is not in sync with the Podfile.lock. Run 'pod install' or update your CocoaPods installation.\" >&2\n    exit 1\nfi\n# This output is used by Xcode 'outputs' to avoid re-running this script phase.\necho \"SUCCESS\" > \"${SCRIPT_OUTPUT_FILE_0}\"\n";
			showEnvVarsInLog = 0;
		};
		CB614527D4584A3C55DC819D /* [CP] Embed Pods Frameworks */ = {
			isa = PBXShellScriptBuildPhase;
			buildActionMask = 2147483647;
			files = (
			);
			inputFileListPaths = (
				"${PODS_ROOT}/Target Support Files/Pods-SuperHeroes/Pods-SuperHeroes-frameworks-${CONFIGURATION}-input-files.xcfilelist",
			);
			name = "[CP] Embed Pods Frameworks";
			outputFileListPaths = (
				"${PODS_ROOT}/Target Support Files/Pods-SuperHeroes/Pods-SuperHeroes-frameworks-${CONFIGURATION}-output-files.xcfilelist",
			);
			runOnlyForDeploymentPostprocessing = 0;
			shellPath = /bin/sh;
			shellScript = "\"${PODS_ROOT}/Target Support Files/Pods-SuperHeroes/Pods-SuperHeroes-frameworks.sh\"\n";
			showEnvVarsInLog = 0;
		};
/* End PBXShellScriptBuildPhase section */

/* Begin PBXSourcesBuildPhase section */
		453B0DA227948816004B99A8 /* Sources */ = {
			isa = PBXSourcesBuildPhase;
			buildActionMask = 2147483647;
			files = (
				45FF5BD22795772000758B4B /* MarvelDefine.swift in Sources */,
				453B0DC52794890A004B99A8 /* MarvelAPIService.swift in Sources */,
				4595AB9B279554AC002B99A0 /* CharacterDetailsVC.swift in Sources */,
				453B0DAE27948816004B99A8 /* ViewController.swift in Sources */,
				453B0DAA27948816004B99A8 /* AppDelegate.swift in Sources */,
				4595AB932794AADC002B99A0 /* DetailModel.swift in Sources */,
				45FF5BD92795944F00758B4B /* CharactersCell.swift in Sources */,
				453B0DAC27948816004B99A8 /* SceneDelegate.swift in Sources */,
				4595AB9827955024002B99A0 /* ComicsCell.swift in Sources */,
				453B0DC42794890A004B99A8 /* MarvelNetwork.swift in Sources */,
				4595AB8927948C0C002B99A0 /* CharacterModel.swift in Sources */,
			);
			runOnlyForDeploymentPostprocessing = 0;
		};
/* End PBXSourcesBuildPhase section */

/* Begin PBXVariantGroup section */
		453B0DAF27948816004B99A8 /* Main.storyboard */ = {
			isa = PBXVariantGroup;
			children = (
				453B0DB027948816004B99A8 /* Base */,
			);
			name = Main.storyboard;
			sourceTree = "<group>";
		};
		453B0DB427948817004B99A8 /* LaunchScreen.storyboard */ = {
			isa = PBXVariantGroup;
			children = (
				453B0DB527948817004B99A8 /* Base */,
			);
			name = LaunchScreen.storyboard;
			sourceTree = "<group>";
		};
/* End PBXVariantGroup section */

/* Begin XCBuildConfiguration section */
		453B0DB827948817004B99A8 /* Debug */ = {
			isa = XCBuildConfiguration;
			buildSettings = {
				ALWAYS_SEARCH_USER_PATHS = NO;
				CLANG_ANALYZER_NONNULL = YES;
				CLANG_ANALYZER_NUMBER_OBJECT_CONVERSION = YES_AGGRESSIVE;
				CLANG_CXX_LANGUAGE_STANDARD = "gnu++17";
				CLANG_CXX_LIBRARY = "libc++";
				CLANG_ENABLE_MODULES = YES;
				CLANG_ENABLE_OBJC_ARC = YES;
				CLANG_ENABLE_OBJC_WEAK = YES;
				CLANG_WARN_BLOCK_CAPTURE_AUTORELEASING = YES;
				CLANG_WARN_BOOL_CONVERSION = YES;
				CLANG_WARN_COMMA = YES;
				CLANG_WARN_CONSTANT_CONVERSION = YES;
				CLANG_WARN_DEPRECATED_OBJC_IMPLEMENTATIONS = YES;
				CLANG_WARN_DIRECT_OBJC_ISA_USAGE = YES_ERROR;
				CLANG_WARN_DOCUMENTATION_COMMENTS = YES;
				CLANG_WARN_EMPTY_BODY = YES;
				CLANG_WARN_ENUM_CONVERSION = YES;
				CLANG_WARN_INFINITE_RECURSION = YES;
				CLANG_WARN_INT_CONVERSION = YES;
				CLANG_WARN_NON_LITERAL_NULL_CONVERSION = YES;
				CLANG_WARN_OBJC_IMPLICIT_RETAIN_SELF = YES;
				CLANG_WARN_OBJC_LITERAL_CONVERSION = YES;
				CLANG_WARN_OBJC_ROOT_CLASS = YES_ERROR;
				CLANG_WARN_QUOTED_INCLUDE_IN_FRAMEWORK_HEADER = YES;
				CLANG_WARN_RANGE_LOOP_ANALYSIS = YES;
				CLANG_WARN_STRICT_PROTOTYPES = YES;
				CLANG_WARN_SUSPICIOUS_MOVE = YES;
				CLANG_WARN_UNGUARDED_AVAILABILITY = YES_AGGRESSIVE;
				CLANG_WARN_UNREACHABLE_CODE = YES;
				CLANG_WARN__DUPLICATE_METHOD_MATCH = YES;
				COPY_PHASE_STRIP = NO;
				DEBUG_INFORMATION_FORMAT = dwarf;
				ENABLE_STRICT_OBJC_MSGSEND = YES;
				ENABLE_TESTABILITY = YES;
				GCC_C_LANGUAGE_STANDARD = gnu11;
				GCC_DYNAMIC_NO_PIC = NO;
				GCC_NO_COMMON_BLOCKS = YES;
				GCC_OPTIMIZATION_LEVEL = 0;
				GCC_PREPROCESSOR_DEFINITIONS = (
					"DEBUG=1",
					"$(inherited)",
				);
				GCC_WARN_64_TO_32_BIT_CONVERSION = YES;
				GCC_WARN_ABOUT_RETURN_TYPE = YES_ERROR;
				GCC_WARN_UNDECLARED_SELECTOR = YES;
				GCC_WARN_UNINITIALIZED_AUTOS = YES_AGGRESSIVE;
				GCC_WARN_UNUSED_FUNCTION = YES;
				GCC_WARN_UNUSED_VARIABLE = YES;
				IPHONEOS_DEPLOYMENT_TARGET = 15.2;
				MTL_ENABLE_DEBUG_INFO = INCLUDE_SOURCE;
				MTL_FAST_MATH = YES;
				ONLY_ACTIVE_ARCH = YES;
				SDKROOT = iphoneos;
				SWIFT_ACTIVE_COMPILATION_CONDITIONS = DEBUG;
				SWIFT_OPTIMIZATION_LEVEL = "-Onone";
			};
			name = Debug;
		};
		453B0DB927948817004B99A8 /* Release */ = {
			isa = XCBuildConfiguration;
			buildSettings = {
				ALWAYS_SEARCH_USER_PATHS = NO;
				CLANG_ANALYZER_NONNULL = YES;
				CLANG_ANALYZER_NUMBER_OBJECT_CONVERSION = YES_AGGRESSIVE;
				CLANG_CXX_LANGUAGE_STANDARD = "gnu++17";
				CLANG_CXX_LIBRARY = "libc++";
				CLANG_ENABLE_MODULES = YES;
				CLANG_ENABLE_OBJC_ARC = YES;
				CLANG_ENABLE_OBJC_WEAK = YES;
				CLANG_WARN_BLOCK_CAPTURE_AUTORELEASING = YES;
				CLANG_WARN_BOOL_CONVERSION = YES;
				CLANG_WARN_COMMA = YES;
				CLANG_WARN_CONSTANT_CONVERSION = YES;
				CLANG_WARN_DEPRECATED_OBJC_IMPLEMENTATIONS = YES;
				CLANG_WARN_DIRECT_OBJC_ISA_USAGE = YES_ERROR;
				CLANG_WARN_DOCUMENTATION_COMMENTS = YES;
				CLANG_WARN_EMPTY_BODY = YES;
				CLANG_WARN_ENUM_CONVERSION = YES;
				CLANG_WARN_INFINITE_RECURSION = YES;
				CLANG_WARN_INT_CONVERSION = YES;
				CLANG_WARN_NON_LITERAL_NULL_CONVERSION = YES;
				CLANG_WARN_OBJC_IMPLICIT_RETAIN_SELF = YES;
				CLANG_WARN_OBJC_LITERAL_CONVERSION = YES;
				CLANG_WARN_OBJC_ROOT_CLASS = YES_ERROR;
				CLANG_WARN_QUOTED_INCLUDE_IN_FRAMEWORK_HEADER = YES;
				CLANG_WARN_RANGE_LOOP_ANALYSIS = YES;
				CLANG_WARN_STRICT_PROTOTYPES = YES;
				CLANG_WARN_SUSPICIOUS_MOVE = YES;
				CLANG_WARN_UNGUARDED_AVAILABILITY = YES_AGGRESSIVE;
				CLANG_WARN_UNREACHABLE_CODE = YES;
				CLANG_WARN__DUPLICATE_METHOD_MATCH = YES;
				COPY_PHASE_STRIP = NO;
				DEBUG_INFORMATION_FORMAT = "dwarf-with-dsym";
				ENABLE_NS_ASSERTIONS = NO;
				ENABLE_STRICT_OBJC_MSGSEND = YES;
				GCC_C_LANGUAGE_STANDARD = gnu11;
				GCC_NO_COMMON_BLOCKS = YES;
				GCC_WARN_64_TO_32_BIT_CONVERSION = YES;
				GCC_WARN_ABOUT_RETURN_TYPE = YES_ERROR;
				GCC_WARN_UNDECLARED_SELECTOR = YES;
				GCC_WARN_UNINITIALIZED_AUTOS = YES_AGGRESSIVE;
				GCC_WARN_UNUSED_FUNCTION = YES;
				GCC_WARN_UNUSED_VARIABLE = YES;
				IPHONEOS_DEPLOYMENT_TARGET = 15.2;
				MTL_ENABLE_DEBUG_INFO = NO;
				MTL_FAST_MATH = YES;
				SDKROOT = iphoneos;
				SWIFT_COMPILATION_MODE = wholemodule;
				SWIFT_OPTIMIZATION_LEVEL = "-O";
				VALIDATE_PRODUCT = YES;
			};
			name = Release;
		};
		453B0DBB27948817004B99A8 /* Debug */ = {
			isa = XCBuildConfiguration;
			baseConfigurationReference = C8C6387CC0E3DD13AF613329 /* Pods-SuperHeroes.debug.xcconfig */;
			buildSettings = {
				ASSETCATALOG_COMPILER_APPICON_NAME = AppIcon;
				ASSETCATALOG_COMPILER_GLOBAL_ACCENT_COLOR_NAME = AccentColor;
				CODE_SIGN_STYLE = Automatic;
				CURRENT_PROJECT_VERSION = 1;
				GENERATE_INFOPLIST_FILE = YES;
				INFOPLIST_FILE = SuperHeroes/Info.plist;
				INFOPLIST_KEY_UIApplicationSupportsIndirectInputEvents = YES;
				INFOPLIST_KEY_UILaunchStoryboardName = LaunchScreen;
				INFOPLIST_KEY_UIMainStoryboardFile = Main;
				INFOPLIST_KEY_UISupportedInterfaceOrientations_iPad = "UIInterfaceOrientationPortrait UIInterfaceOrientationPortraitUpsideDown UIInterfaceOrientationLandscapeLeft UIInterfaceOrientationLandscapeRight";
				INFOPLIST_KEY_UISupportedInterfaceOrientations_iPhone = "UIInterfaceOrientationPortrait UIInterfaceOrientationLandscapeLeft UIInterfaceOrientationLandscapeRight";
				LD_RUNPATH_SEARCH_PATHS = (
					"$(inherited)",
					"@executable_path/Frameworks",
				);
				MARKETING_VERSION = 1.0;
				PRODUCT_BUNDLE_IDENTIFIER = com.SuperHeroes;
				PRODUCT_NAME = "$(TARGET_NAME)";
				SWIFT_EMIT_LOC_STRINGS = YES;
				SWIFT_VERSION = 5.0;
				TARGETED_DEVICE_FAMILY = "1,2";
			};
			name = Debug;
		};
		453B0DBC27948817004B99A8 /* Release */ = {
			isa = XCBuildConfiguration;
			baseConfigurationReference = 22DEFAB99D8D8A570AF918DD /* Pods-SuperHeroes.release.xcconfig */;
			buildSettings = {
				ASSETCATALOG_COMPILER_APPICON_NAME = AppIcon;
				ASSETCATALOG_COMPILER_GLOBAL_ACCENT_COLOR_NAME = AccentColor;
				CODE_SIGN_STYLE = Automatic;
				CURRENT_PROJECT_VERSION = 1;
				GENERATE_INFOPLIST_FILE = YES;
				INFOPLIST_FILE = SuperHeroes/Info.plist;
				INFOPLIST_KEY_UIApplicationSupportsIndirectInputEvents = YES;
				INFOPLIST_KEY_UILaunchStoryboardName = LaunchScreen;
				INFOPLIST_KEY_UIMainStoryboardFile = Main;
				INFOPLIST_KEY_UISupportedInterfaceOrientations_iPad = "UIInterfaceOrientationPortrait UIInterfaceOrientationPortraitUpsideDown UIInterfaceOrientationLandscapeLeft UIInterfaceOrientationLandscapeRight";
				INFOPLIST_KEY_UISupportedInterfaceOrientations_iPhone = "UIInterfaceOrientationPortrait UIInterfaceOrientationLandscapeLeft UIInterfaceOrientationLandscapeRight";
				LD_RUNPATH_SEARCH_PATHS = (
					"$(inherited)",
					"@executable_path/Frameworks",
				);
				MARKETING_VERSION = 1.0;
				PRODUCT_BUNDLE_IDENTIFIER = com.SuperHeroes;
				PRODUCT_NAME = "$(TARGET_NAME)";
				SWIFT_EMIT_LOC_STRINGS = YES;
				SWIFT_VERSION = 5.0;
				TARGETED_DEVICE_FAMILY = "1,2";
			};
			name = Release;
		};
/* End XCBuildConfiguration section */

/* Begin XCConfigurationList section */
		453B0DA127948816004B99A8 /* Build configuration list for PBXProject "SuperHeroes" */ = {
			isa = XCConfigurationList;
			buildConfigurations = (
				453B0DB827948817004B99A8 /* Debug */,
				453B0DB927948817004B99A8 /* Release */,
			);
			defaultConfigurationIsVisible = 0;
			defaultConfigurationName = Release;
		};
		453B0DBA27948817004B99A8 /* Build configuration list for PBXNativeTarget "SuperHeroes" */ = {
			isa = XCConfigurationList;
			buildConfigurations = (
				453B0DBB27948817004B99A8 /* Debug */,
				453B0DBC27948817004B99A8 /* Release */,
			);
			defaultConfigurationIsVisible = 0;
			defaultConfigurationName = Release;
		};
/* End XCConfigurationList section */
	};
	rootObject = 453B0D9E27948816004B99A8 /* Project object */;
}
